
Microsoft Visual Studio Solution File, Format Version 12.00
# Visual Studio Version 16
VisualStudioVersion = 16.0.32228.343
MinimumVisualStudioVersion = 10.0.40219.1
Project("{9A19103F-16F7-4668-BE54-9A1E7A4F7556}") = "DataAccess", "DataAccess\DataAccess.csproj", "{9C6F0CCC-2316-40E3-8527-22BFF46A3DA5}"
EndProject
Project("{9A19103F-16F7-4668-BE54-9A1E7A4F7556}") = "Entities", "Entities\Entities.csproj", "{4DE26D9E-DB5D-49A0-936A-05474146D72F}"
EndProject
Project("{9A19103F-16F7-4668-BE54-9A1E7A4F7556}") = "Business", "Business\Business.csproj", "{52F95457-B567-4C7F-9FDC-CB0D1FB71882}"
EndProject
Project("{9A19103F-16F7-4668-BE54-9A1E7A4F7556}") = "ConsoleUI", "ConsoleUI\ConsoleUI.csproj", "{D3288251-FCAB-4179-A4D9-F136D5ED6611}"
EndProject
Project("{9A19103F-16F7-4668-BE54-9A1E7A4F7556}") = "Core", "Core\Core.csproj", "{49399CEA-2EA6-4C33-B187-0A999AA716AD}"
EndProject
Project("{FAE04EC0-301F-11D3-BF4B-00C04F79EFBC}") = "WebAPI", "WebAPI\WebAPI.csproj", "{2183407F-8521-4033-BA2D-FF15062ED60B}"
EndProject
Global
	GlobalSection(SolutionConfigurationPlatforms) = preSolution
		Debug|Any CPU = Debug|Any CPU
		Release|Any CPU = Release|Any CPU
	EndGlobalSection
	GlobalSection(ProjectConfigurationPlatforms) = postSolution
		{9C6F0CCC-2316-40E3-8527-22BFF46A3DA5}.Debug|Any CPU.ActiveCfg = Debug|Any CPU
		{9C6F0CCC-2316-40E3-8527-22BFF46A3DA5}.Debug|Any CPU.Build.0 = Debug|Any CPU
		{9C6F0CCC-2316-40E3-8527-22BFF46A3DA5}.Release|Any CPU.ActiveCfg = Release|Any CPU
		{9C6F0CCC-2316-40E3-8527-22BFF46A3DA5}.Release|Any CPU.Build.0 = Release|Any CPU
		{4DE26D9E-DB5D-49A0-936A-05474146D72F}.Debug|Any CPU.ActiveCfg = Debug|Any CPU
		{4DE26D9E-DB5D-49A0-936A-05474146D72F}.Debug|Any CPU.Build.0 = Debug|Any CPU
		{4DE26D9E-DB5D-49A0-936A-05474146D72F}.Release|Any CPU.ActiveCfg = Release|Any CPU
		{4DE26D9E-DB5D-49A0-936A-05474146D72F}.Release|Any CPU.Build.0 = Release|Any CPU
		{52F95457-B567-4C7F-9FDC-CB0D1FB71882}.Debug|Any CPU.ActiveCfg = Debug|Any CPU
		{52F95457-B567-4C7F-9FDC-CB0D1FB71882}.Debug|Any CPU.Build.0 = Debug|Any CPU
		{52F95457-B567-4C7F-9FDC-CB0D1FB71882}.Release|Any CPU.ActiveCfg = Release|Any CPU
		{52F95457-B567-4C7F-9FDC-CB0D1FB71882}.Release|Any CPU.Build.0 = Release|Any CPU
		{D3288251-FCAB-4179-A4D9-F136D5ED6611}.Debug|Any CPU.ActiveCfg = Debug|Any CPU
		{D3288251-FCAB-4179-A4D9-F136D5ED6611}.Debug|Any CPU.Build.0 = Debug|Any CPU
		{D3288251-FCAB-4179-A4D9-F136D5ED6611}.Release|Any CPU.ActiveCfg = Release|Any CPU
		{D3288251-FCAB-4179-A4D9-F136D5ED6611}.Release|Any CPU.Build.0 = Release|Any CPU
		{49399CEA-2EA6-4C33-B187-0A999AA716AD}.Debug|Any CPU.ActiveCfg = Debug|Any CPU
		{49399CEA-2EA6-4C33-B187-0A999AA716AD}.Debug|Any CPU.Build.0 = Debug|Any CPU
		{49399CEA-2EA6-4C33-B187-0A999AA716AD}.Release|Any CPU.ActiveCfg = Release|Any CPU
		{49399CEA-2EA6-4C33-B187-0A999AA716AD}.Release|Any CPU.Build.0 = Release|Any CPU
		{2183407F-8521-4033-BA2D-FF15062ED60B}.Debug|Any CPU.ActiveCfg = Debug|Any CPU
		{2183407F-8521-4033-BA2D-FF15062ED60B}.Debug|Any CPU.Build.0 = Debug|Any CPU
		{2183407F-8521-4033-BA2D-FF15062ED60B}.Release|Any CPU.ActiveCfg = Release|Any CPU
		{2183407F-8521-4033-BA2D-FF15062ED60B}.Release|Any CPU.Build.0 = Release|Any CPU
	EndGlobalSection
	GlobalSection(SolutionProperties) = preSolution
		HideSolutionNode = FALSE
	EndGlobalSection
	GlobalSection(ExtensibilityGlobals) = postSolution
		SolutionGuid = {09E94AFF-7B9B-4FF6-AB47-24E34B3E259A}
	EndGlobalSection
EndGlobal
